{
  "version": 4,
  "terraform_version": "1.8.4",
  "serial": 8,
  "lineage": "11b13b10-384f-9d7e-28ea-07a997638c28",
  "outputs": {},
  "resources": [
    {
      "mode": "managed",
      "type": "stackit_ske_cluster",
      "name": "example",
      "provider": "provider[\"registry.terraform.io/stackitcloud/stackit\"]",
      "instances": [
        {
          "schema_version": 0,
          "attributes": {
            "allow_privileged_containers": null,
            "extensions": null,
            "hibernations": null,
            "id": "0916dd9f-350d-4913-9375-a4a3941ec54c,example2",
            "kube_config": null,
            "kubernetes_version": null,
            "kubernetes_version_min": "1.28.9",
            "kubernetes_version_used": "1.28.9",
            "maintenance": {
              "enable_kubernetes_version_updates": true,
              "enable_machine_image_version_updates": true,
              "end": "02:00:00Z",
              "start": "01:00:00Z"
            },
            "name": "example2",
            "network": null,
            "node_pools": [
              {
                "availability_zones": [
                  "eu01-3"
                ],
                "cri": "containerd",
                "labels": {},
                "machine_type": "c1a.2d",
                "max_surge": 1,
                "max_unavailable": 0,
                "maximum": 1,
                "minimum": 1,
                "name": "np-example",
                "os_name": "flatcar",
                "os_version": "3815.2.1",
                "os_version_min": null,
                "os_version_used": "3815.2.1",
                "taints": null,
                "volume_size": 20,
                "volume_type": "storage_premium_perf1"
              }
            ],
            "project_id": "0916dd9f-350d-4913-9375-a4a3941ec54c"
          },
          "sensitive_attributes": [
            [
              {
                "type": "get_attr",
                "value": "kube_config"
              }
            ]
          ]
        }
      ]
    }
  ],
  "check_results": null
}
